
Microsoft Visual Studio Solution File, Format Version 12.00
# Visual Studio Version 17
VisualStudioVersion = 17.0.32014.148
MinimumVisualStudioVersion = 10.0.40219.1
Project("{FAE04EC0-301F-11D3-BF4B-00C04F79EFBC}") = "FrontEnd", "FrontEnd\FrontEnd.csproj", "{1F4B5E7D-D0DD-482C-92DF-E2E617DB34EC}"
EndProject
Global
	GlobalSection(SolutionConfigurationPlatforms) = preSolution
		Debug|Any CPU = Debug|Any CPU
		Release|Any CPU = Release|Any CPU
	EndGlobalSection
	GlobalSection(ProjectConfigurationPlatforms) = postSolution
		{1F4B5E7D-D0DD-482C-92DF-E2E617DB34EC}.Debug|Any CPU.ActiveCfg = Debug|Any CPU
		{1F4B5E7D-D0DD-482C-92DF-E2E617DB34EC}.Debug|Any CPU.Build.0 = Debug|Any CPU
		{1F4B5E7D-D0DD-482C-92DF-E2E617DB34EC}.Release|Any CPU.ActiveCfg = Release|Any CPU
		{1F4B5E7D-D0DD-482C-92DF-E2E617DB34EC}.Release|Any CPU.Build.0 = Release|Any CPU
	EndGlobalSection
	GlobalSection(SolutionProperties) = preSolution
		HideSolutionNode = FALSE
	EndGlobalSection
	GlobalSection(ExtensibilityGlobals) = postSolution
		SolutionGuid = {E0269637-DD94-4F41-9412-B88D8EB00197}
	EndGlobalSection
EndGlobal
